// !$*UTF8*$!
{
	archiveVersion = 1;
	classes = {
	};
	objectVersion = 56;
	objects = {

/* Begin PBXBuildFile section */
		E2EDD3272B7E3E4F007A6C1A /* AppDelegate.swift in Sources */ = {isa = PBXBuildFile; fileRef = E2EDD3262B7E3E4F007A6C1A /* AppDelegate.swift */; };
		E2EDD3292B7E3E4F007A6C1A /* SceneDelegate.swift in Sources */ = {isa = PBXBuildFile; fileRef = E2EDD3282B7E3E4F007A6C1A /* SceneDelegate.swift */; };
		E2EDD32B2B7E3E4F007A6C1A /* ViewController.swift in Sources */ = {isa = PBXBuildFile; fileRef = E2EDD32A2B7E3E4F007A6C1A /* ViewController.swift */; };
		E2EDD32E2B7E3E4F007A6C1A /* Main.storyboard in Resources */ = {isa = PBXBuildFile; fileRef = E2EDD32C2B7E3E4F007A6C1A /* Main.storyboard */; };
		E2EDD3302B7E3E51007A6C1A /* Assets.xcassets in Resources */ = {isa = PBXBuildFile; fileRef = E2EDD32F2B7E3E51007A6C1A /* Assets.xcassets */; };
		E2EDD3332B7E3E51007A6C1A /* LaunchScreen.storyboard in Resources */ = {isa = PBXBuildFile; fileRef = E2EDD3312B7E3E51007A6C1A /* LaunchScreen.storyboard */; };
		E2EDD33B2B7E4222007A6C1A /* MovieListViewController.swift in Sources */ = {isa = PBXBuildFile; fileRef = E2EDD33A2B7E4222007A6C1A /* MovieListViewController.swift */; };
		E2EDD3412B7E6891007A6C1A /* MovieListCollectionViewCell.swift in Sources */ = {isa = PBXBuildFile; fileRef = E2EDD33F2B7E6891007A6C1A /* MovieListCollectionViewCell.swift */; };
		E2EDD3422B7E6891007A6C1A /* MovieListCollectionViewCell.xib in Resources */ = {isa = PBXBuildFile; fileRef = E2EDD3402B7E6891007A6C1A /* MovieListCollectionViewCell.xib */; };
		E2EDD3492B7E8C85007A6C1A /* NetworkConstants.swift in Sources */ = {isa = PBXBuildFile; fileRef = E2EDD3482B7E8C85007A6C1A /* NetworkConstants.swift */; };
		E2EDD34B2B7E8DDA007A6C1A /* APICaller.swift in Sources */ = {isa = PBXBuildFile; fileRef = E2EDD34A2B7E8DDA007A6C1A /* APICaller.swift */; };
		E2EDD34E2B7E9057007A6C1A /* MovieListModel.swift in Sources */ = {isa = PBXBuildFile; fileRef = E2EDD34D2B7E9057007A6C1A /* MovieListModel.swift */; };
		E2EDD3512B7E9472007A6C1A /* MovieListViewModel.swift in Sources */ = {isa = PBXBuildFile; fileRef = E2EDD3502B7E9472007A6C1A /* MovieListViewModel.swift */; };
		E2EDD3532B7E96B2007A6C1A /* MovieCollCellViewModel.swift in Sources */ = {isa = PBXBuildFile; fileRef = E2EDD3522B7E96B2007A6C1A /* MovieCollCellViewModel.swift */; };
/* End PBXBuildFile section */

/* Begin PBXFileReference section */
		E2EDD3232B7E3E4F007A6C1A /* MovieExplorer.app */ = {isa = PBXFileReference; explicitFileType = wrapper.application; includeInIndex = 0; path = MovieExplorer.app; sourceTree = BUILT_PRODUCTS_DIR; };
		E2EDD3262B7E3E4F007A6C1A /* AppDelegate.swift */ = {isa = PBXFileReference; lastKnownFileType = sourcecode.swift; path = AppDelegate.swift; sourceTree = "<group>"; };
		E2EDD3282B7E3E4F007A6C1A /* SceneDelegate.swift */ = {isa = PBXFileReference; lastKnownFileType = sourcecode.swift; path = SceneDelegate.swift; sourceTree = "<group>"; };
		E2EDD32A2B7E3E4F007A6C1A /* ViewController.swift */ = {isa = PBXFileReference; lastKnownFileType = sourcecode.swift; path = ViewController.swift; sourceTree = "<group>"; };
		E2EDD32D2B7E3E4F007A6C1A /* Base */ = {isa = PBXFileReference; lastKnownFileType = file.storyboard; name = Base; path = Base.lproj/Main.storyboard; sourceTree = "<group>"; };
		E2EDD32F2B7E3E51007A6C1A /* Assets.xcassets */ = {isa = PBXFileReference; lastKnownFileType = folder.assetcatalog; path = Assets.xcassets; sourceTree = "<group>"; };
		E2EDD3322B7E3E51007A6C1A /* Base */ = {isa = PBXFileReference; lastKnownFileType = file.storyboard; name = Base; path = Base.lproj/LaunchScreen.storyboard; sourceTree = "<group>"; };
		E2EDD3342B7E3E51007A6C1A /* Info.plist */ = {isa = PBXFileReference; lastKnownFileType = text.plist.xml; path = Info.plist; sourceTree = "<group>"; };
		E2EDD33A2B7E4222007A6C1A /* MovieListViewController.swift */ = {isa = PBXFileReference; lastKnownFileType = sourcecode.swift; path = MovieListViewController.swift; sourceTree = "<group>"; };
		E2EDD33F2B7E6891007A6C1A /* MovieListCollectionViewCell.swift */ = {isa = PBXFileReference; lastKnownFileType = sourcecode.swift; path = MovieListCollectionViewCell.swift; sourceTree = "<group>"; };
		E2EDD3402B7E6891007A6C1A /* MovieListCollectionViewCell.xib */ = {isa = PBXFileReference; lastKnownFileType = file.xib; path = MovieListCollectionViewCell.xib; sourceTree = "<group>"; };
		E2EDD3482B7E8C85007A6C1A /* NetworkConstants.swift */ = {isa = PBXFileReference; lastKnownFileType = sourcecode.swift; path = NetworkConstants.swift; sourceTree = "<group>"; };
		E2EDD34A2B7E8DDA007A6C1A /* APICaller.swift */ = {isa = PBXFileReference; lastKnownFileType = sourcecode.swift; path = APICaller.swift; sourceTree = "<group>"; };
		E2EDD34D2B7E9057007A6C1A /* MovieListModel.swift */ = {isa = PBXFileReference; lastKnownFileType = sourcecode.swift; path = MovieListModel.swift; sourceTree = "<group>"; };
		E2EDD3502B7E9472007A6C1A /* MovieListViewModel.swift */ = {isa = PBXFileReference; lastKnownFileType = sourcecode.swift; path = MovieListViewModel.swift; sourceTree = "<group>"; };
		E2EDD3522B7E96B2007A6C1A /* MovieCollCellViewModel.swift */ = {isa = PBXFileReference; lastKnownFileType = sourcecode.swift; path = MovieCollCellViewModel.swift; sourceTree = "<group>"; };
/* End PBXFileReference section */

/* Begin PBXFrameworksBuildPhase section */
		E2EDD3202B7E3E4F007A6C1A /* Frameworks */ = {
			isa = PBXFrameworksBuildPhase;
			buildActionMask = 2147483647;
			files = (
			);
			runOnlyForDeploymentPostprocessing = 0;
		};
/* End PBXFrameworksBuildPhase section */

/* Begin PBXGroup section */
		E2EDD31A2B7E3E4F007A6C1A = {
			isa = PBXGroup;
			children = (
				E2EDD3252B7E3E4F007A6C1A /* MovieExplorer */,
				E2EDD3242B7E3E4F007A6C1A /* Products */,
			);
			sourceTree = "<group>";
		};
		E2EDD3242B7E3E4F007A6C1A /* Products */ = {
			isa = PBXGroup;
			children = (
				E2EDD3232B7E3E4F007A6C1A /* MovieExplorer.app */,
			);
			name = Products;
			sourceTree = "<group>";
		};
		E2EDD3252B7E3E4F007A6C1A /* MovieExplorer */ = {
			isa = PBXGroup;
			children = (
				E2EDD34F2B7E9445007A6C1A /* ViewModel */,
				E2EDD34C2B7E9032007A6C1A /* Model */,
				E2EDD3452B7E7B1B007A6C1A /* Services */,
				E2EDD33E2B7E676B007A6C1A /* CollectionViewCell */,
				E2EDD33D2B7E430C007A6C1A /* StoryBoard */,
				E2EDD33C2B7E4229007A6C1A /* ViewController */,
				E2EDD3262B7E3E4F007A6C1A /* AppDelegate.swift */,
				E2EDD3282B7E3E4F007A6C1A /* SceneDelegate.swift */,
				E2EDD32F2B7E3E51007A6C1A /* Assets.xcassets */,
				E2EDD3312B7E3E51007A6C1A /* LaunchScreen.storyboard */,
				E2EDD3342B7E3E51007A6C1A /* Info.plist */,
			);
			path = MovieExplorer;
			sourceTree = "<group>";
		};
		E2EDD33C2B7E4229007A6C1A /* ViewController */ = {
			isa = PBXGroup;
			children = (
				E2EDD32A2B7E3E4F007A6C1A /* ViewController.swift */,
				E2EDD33A2B7E4222007A6C1A /* MovieListViewController.swift */,
			);
			path = ViewController;
			sourceTree = "<group>";
		};
		E2EDD33D2B7E430C007A6C1A /* StoryBoard */ = {
			isa = PBXGroup;
			children = (
				E2EDD32C2B7E3E4F007A6C1A /* Main.storyboard */,
			);
			path = StoryBoard;
			sourceTree = "<group>";
		};
		E2EDD33E2B7E676B007A6C1A /* CollectionViewCell */ = {
			isa = PBXGroup;
			children = (
				E2EDD33F2B7E6891007A6C1A /* MovieListCollectionViewCell.swift */,
				E2EDD3402B7E6891007A6C1A /* MovieListCollectionViewCell.xib */,
			);
			path = CollectionViewCell;
			sourceTree = "<group>";
		};
		E2EDD3452B7E7B1B007A6C1A /* Services */ = {
			isa = PBXGroup;
			children = (
				E2EDD3482B7E8C85007A6C1A /* NetworkConstants.swift */,
				E2EDD34A2B7E8DDA007A6C1A /* APICaller.swift */,
			);
			path = Services;
			sourceTree = "<group>";
		};
		E2EDD34C2B7E9032007A6C1A /* Model */ = {
			isa = PBXGroup;
			children = (
				E2EDD34D2B7E9057007A6C1A /* MovieListModel.swift */,
			);
			path = Model;
			sourceTree = "<group>";
		};
		E2EDD34F2B7E9445007A6C1A /* ViewModel */ = {
			isa = PBXGroup;
			children = (
				E2EDD3502B7E9472007A6C1A /* MovieListViewModel.swift */,
				E2EDD3522B7E96B2007A6C1A /* MovieCollCellViewModel.swift */,
			);
			path = ViewModel;
			sourceTree = "<group>";
		};
/* End PBXGroup section */

/* Begin PBXNativeTarget section */
		E2EDD3222B7E3E4F007A6C1A /* MovieExplorer */ = {
			isa = PBXNativeTarget;
			buildConfigurationList = E2EDD3372B7E3E51007A6C1A /* Build configuration list for PBXNativeTarget "MovieExplorer" */;
			buildPhases = (
				E2EDD31F2B7E3E4F007A6C1A /* Sources */,
				E2EDD3202B7E3E4F007A6C1A /* Frameworks */,
				E2EDD3212B7E3E4F007A6C1A /* Resources */,
			);
			buildRules = (
			);
			dependencies = (
			);
			name = MovieExplorer;
			productName = MovieExplorer;
			productReference = E2EDD3232B7E3E4F007A6C1A /* MovieExplorer.app */;
			productType = "com.apple.product-type.application";
		};
/* End PBXNativeTarget section */

/* Begin PBXProject section */
		E2EDD31B2B7E3E4F007A6C1A /* Project object */ = {
			isa = PBXProject;
			attributes = {
				BuildIndependentTargetsInParallel = 1;
				LastSwiftUpdateCheck = 1520;
				LastUpgradeCheck = 1520;
				TargetAttributes = {
					E2EDD3222B7E3E4F007A6C1A = {
						CreatedOnToolsVersion = 15.2;
					};
				};
			};
			buildConfigurationList = E2EDD31E2B7E3E4F007A6C1A /* Build configuration list for PBXProject "MovieExplorer" */;
			compatibilityVersion = "Xcode 14.0";
			developmentRegion = en;
			hasScannedForEncodings = 0;
			knownRegions = (
				en,
				Base,
			);
			mainGroup = E2EDD31A2B7E3E4F007A6C1A;
			productRefGroup = E2EDD3242B7E3E4F007A6C1A /* Products */;
			projectDirPath = "";
			projectRoot = "";
			targets = (
				E2EDD3222B7E3E4F007A6C1A /* MovieExplorer */,
			);
		};
/* End PBXProject section */

/* Begin PBXResourcesBuildPhase section */
		E2EDD3212B7E3E4F007A6C1A /* Resources */ = {
			isa = PBXResourcesBuildPhase;
			buildActionMask = 2147483647;
			files = (
				E2EDD3332B7E3E51007A6C1A /* LaunchScreen.storyboard in Resources */,
				E2EDD3302B7E3E51007A6C1A /* Assets.xcassets in Resources */,
				E2EDD32E2B7E3E4F007A6C1A /* Main.storyboard in Resources */,
				E2EDD3422B7E6891007A6C1A /* MovieListCollectionViewCell.xib in Resources */,
			);
			runOnlyForDeploymentPostprocessing = 0;
		};
/* End PBXResourcesBuildPhase section */

/* Begin PBXSourcesBuildPhase section */
		E2EDD31F2B7E3E4F007A6C1A /* Sources */ = {
			isa = PBXSourcesBuildPhase;
			buildActionMask = 2147483647;
			files = (
				E2EDD3492B7E8C85007A6C1A /* NetworkConstants.swift in Sources */,
				E2EDD32B2B7E3E4F007A6C1A /* ViewController.swift in Sources */,
				E2EDD3412B7E6891007A6C1A /* MovieListCollectionViewCell.swift in Sources */,
				E2EDD34B2B7E8DDA007A6C1A /* APICaller.swift in Sources */,
				E2EDD34E2B7E9057007A6C1A /* MovieListModel.swift in Sources */,
				E2EDD3532B7E96B2007A6C1A /* MovieCollCellViewModel.swift in Sources */,
				E2EDD3272B7E3E4F007A6C1A /* AppDelegate.swift in Sources */,
				E2EDD3292B7E3E4F007A6C1A /* SceneDelegate.swift in Sources */,
				E2EDD33B2B7E4222007A6C1A /* MovieListViewController.swift in Sources */,
				E2EDD3512B7E9472007A6C1A /* MovieListViewModel.swift in Sources */,
			);
			runOnlyForDeploymentPostprocessing = 0;
		};
/* End PBXSourcesBuildPhase section */

/* Begin PBXVariantGroup section */
		E2EDD32C2B7E3E4F007A6C1A /* Main.storyboard */ = {
			isa = PBXVariantGroup;
			children = (
				E2EDD32D2B7E3E4F007A6C1A /* Base */,
			);
			name = Main.storyboard;
			sourceTree = "<group>";
		};
		E2EDD3312B7E3E51007A6C1A /* LaunchScreen.storyboard */ = {
			isa = PBXVariantGroup;
			children = (
				E2EDD3322B7E3E51007A6C1A /* Base */,
			);
			name = LaunchScreen.storyboard;
			sourceTree = "<group>";
		};
/* End PBXVariantGroup section */

/* Begin XCBuildConfiguration section */
		E2EDD3352B7E3E51007A6C1A /* Debug */ = {
			isa = XCBuildConfiguration;
			buildSettings = {
				ALWAYS_SEARCH_USER_PATHS = NO;
				ASSETCATALOG_COMPILER_GENERATE_SWIFT_ASSET_SYMBOL_EXTENSIONS = YES;
				CLANG_ANALYZER_NONNULL = YES;
				CLANG_ANALYZER_NUMBER_OBJECT_CONVERSION = YES_AGGRESSIVE;
				CLANG_CXX_LANGUAGE_STANDARD = "gnu++20";
				CLANG_ENABLE_MODULES = YES;
				CLANG_ENABLE_OBJC_ARC = YES;
				CLANG_ENABLE_OBJC_WEAK = YES;
				CLANG_WARN_BLOCK_CAPTURE_AUTORELEASING = YES;
				CLANG_WARN_BOOL_CONVERSION = YES;
				CLANG_WARN_COMMA = YES;
				CLANG_WARN_CONSTANT_CONVERSION = YES;
				CLANG_WARN_DEPRECATED_OBJC_IMPLEMENTATIONS = YES;
				CLANG_WARN_DIRECT_OBJC_ISA_USAGE = YES_ERROR;
				CLANG_WARN_DOCUMENTATION_COMMENTS = YES;
				CLANG_WARN_EMPTY_BODY = YES;
				CLANG_WARN_ENUM_CONVERSION = YES;
				CLANG_WARN_INFINITE_RECURSION = YES;
				CLANG_WARN_INT_CONVERSION = YES;
				CLANG_WARN_NON_LITERAL_NULL_CONVERSION = YES;
				CLANG_WARN_OBJC_IMPLICIT_RETAIN_SELF = YES;
				CLANG_WARN_OBJC_LITERAL_CONVERSION = YES;
				CLANG_WARN_OBJC_ROOT_CLASS = YES_ERROR;
				CLANG_WARN_QUOTED_INCLUDE_IN_FRAMEWORK_HEADER = YES;
				CLANG_WARN_RANGE_LOOP_ANALYSIS = YES;
				CLANG_WARN_STRICT_PROTOTYPES = YES;
				CLANG_WARN_SUSPICIOUS_MOVE = YES;
				CLANG_WARN_UNGUARDED_AVAILABILITY = YES_AGGRESSIVE;
				CLANG_WARN_UNREACHABLE_CODE = YES;
				CLANG_WARN__DUPLICATE_METHOD_MATCH = YES;
				COPY_PHASE_STRIP = NO;
				DEBUG_INFORMATION_FORMAT = dwarf;
				ENABLE_STRICT_OBJC_MSGSEND = YES;
				ENABLE_TESTABILITY = YES;
				ENABLE_USER_SCRIPT_SANDBOXING = YES;
				GCC_C_LANGUAGE_STANDARD = gnu17;
				GCC_DYNAMIC_NO_PIC = NO;
				GCC_NO_COMMON_BLOCKS = YES;
				GCC_OPTIMIZATION_LEVEL = 0;
				GCC_PREPROCESSOR_DEFINITIONS = (
					"DEBUG=1",
					"$(inherited)",
				);
				GCC_WARN_64_TO_32_BIT_CONVERSION = YES;
				GCC_WARN_ABOUT_RETURN_TYPE = YES_ERROR;
				GCC_WARN_UNDECLARED_SELECTOR = YES;
				GCC_WARN_UNINITIALIZED_AUTOS = YES_AGGRESSIVE;
				GCC_WARN_UNUSED_FUNCTION = YES;
				GCC_WARN_UNUSED_VARIABLE = YES;
				IPHONEOS_DEPLOYMENT_TARGET = 17.2;
				LOCALIZATION_PREFERS_STRING_CATALOGS = YES;
				MTL_ENABLE_DEBUG_INFO = INCLUDE_SOURCE;
				MTL_FAST_MATH = YES;
				ONLY_ACTIVE_ARCH = YES;
				SDKROOT = iphoneos;
				SWIFT_ACTIVE_COMPILATION_CONDITIONS = "DEBUG $(inherited)";
				SWIFT_OPTIMIZATION_LEVEL = "-Onone";
			};
			name = Debug;
		};
		E2EDD3362B7E3E51007A6C1A /* Release */ = {
			isa = XCBuildConfiguration;
			buildSettings = {
				ALWAYS_SEARCH_USER_PATHS = NO;
				ASSETCATALOG_COMPILER_GENERATE_SWIFT_ASSET_SYMBOL_EXTENSIONS = YES;
				CLANG_ANALYZER_NONNULL = YES;
				CLANG_ANALYZER_NUMBER_OBJECT_CONVERSION = YES_AGGRESSIVE;
				CLANG_CXX_LANGUAGE_STANDARD = "gnu++20";
				CLANG_ENABLE_MODULES = YES;
				CLANG_ENABLE_OBJC_ARC = YES;
				CLANG_ENABLE_OBJC_WEAK = YES;
				CLANG_WARN_BLOCK_CAPTURE_AUTORELEASING = YES;
				CLANG_WARN_BOOL_CONVERSION = YES;
				CLANG_WARN_COMMA = YES;
				CLANG_WARN_CONSTANT_CONVERSION = YES;
				CLANG_WARN_DEPRECATED_OBJC_IMPLEMENTATIONS = YES;
				CLANG_WARN_DIRECT_OBJC_ISA_USAGE = YES_ERROR;
				CLANG_WARN_DOCUMENTATION_COMMENTS = YES;
				CLANG_WARN_EMPTY_BODY = YES;
				CLANG_WARN_ENUM_CONVERSION = YES;
				CLANG_WARN_INFINITE_RECURSION = YES;
				CLANG_WARN_INT_CONVERSION = YES;
				CLANG_WARN_NON_LITERAL_NULL_CONVERSION = YES;
				CLANG_WARN_OBJC_IMPLICIT_RETAIN_SELF = YES;
				CLANG_WARN_OBJC_LITERAL_CONVERSION = YES;
				CLANG_WARN_OBJC_ROOT_CLASS = YES_ERROR;
				CLANG_WARN_QUOTED_INCLUDE_IN_FRAMEWORK_HEADER = YES;
				CLANG_WARN_RANGE_LOOP_ANALYSIS = YES;
				CLANG_WARN_STRICT_PROTOTYPES = YES;
				CLANG_WARN_SUSPICIOUS_MOVE = YES;
				CLANG_WARN_UNGUARDED_AVAILABILITY = YES_AGGRESSIVE;
				CLANG_WARN_UNREACHABLE_CODE = YES;
				CLANG_WARN__DUPLICATE_METHOD_MATCH = YES;
				COPY_PHASE_STRIP = NO;
				DEBUG_INFORMATION_FORMAT = "dwarf-with-dsym";
				ENABLE_NS_ASSERTIONS = NO;
				ENABLE_STRICT_OBJC_MSGSEND = YES;
				ENABLE_USER_SCRIPT_SANDBOXING = YES;
				GCC_C_LANGUAGE_STANDARD = gnu17;
				GCC_NO_COMMON_BLOCKS = YES;
				GCC_WARN_64_TO_32_BIT_CONVERSION = YES;
				GCC_WARN_ABOUT_RETURN_TYPE = YES_ERROR;
				GCC_WARN_UNDECLARED_SELECTOR = YES;
				GCC_WARN_UNINITIALIZED_AUTOS = YES_AGGRESSIVE;
				GCC_WARN_UNUSED_FUNCTION = YES;
				GCC_WARN_UNUSED_VARIABLE = YES;
				IPHONEOS_DEPLOYMENT_TARGET = 17.2;
				LOCALIZATION_PREFERS_STRING_CATALOGS = YES;
				MTL_ENABLE_DEBUG_INFO = NO;
				MTL_FAST_MATH = YES;
				SDKROOT = iphoneos;
				SWIFT_COMPILATION_MODE = wholemodule;
				VALIDATE_PRODUCT = YES;
			};
			name = Release;
		};
		E2EDD3382B7E3E51007A6C1A /* Debug */ = {
			isa = XCBuildConfiguration;
			buildSettings = {
				ASSETCATALOG_COMPILER_APPICON_NAME = AppIcon;
				ASSETCATALOG_COMPILER_GLOBAL_ACCENT_COLOR_NAME = AccentColor;
				CODE_SIGN_STYLE = Automatic;
				CURRENT_PROJECT_VERSION = 1;
				DEVELOPMENT_TEAM = 6P4M8YQN8F;
				GENERATE_INFOPLIST_FILE = YES;
				INFOPLIST_FILE = MovieExplorer/Info.plist;
				INFOPLIST_KEY_UIApplicationSupportsIndirectInputEvents = YES;
				INFOPLIST_KEY_UILaunchStoryboardName = LaunchScreen;
				INFOPLIST_KEY_UIMainStoryboardFile = Main;
				INFOPLIST_KEY_UISupportedInterfaceOrientations_iPad = "UIInterfaceOrientationPortrait UIInterfaceOrientationPortraitUpsideDown UIInterfaceOrientationLandscapeLeft UIInterfaceOrientationLandscapeRight";
				INFOPLIST_KEY_UISupportedInterfaceOrientations_iPhone = "UIInterfaceOrientationPortrait UIInterfaceOrientationLandscapeLeft UIInterfaceOrientationLandscapeRight";
				LD_RUNPATH_SEARCH_PATHS = (
					"$(inherited)",
					"@executable_path/Frameworks",
				);
				MARKETING_VERSION = 1.0;
				PRODUCT_BUNDLE_IDENTIFIER = iOSDevteam.MovieExplorer;
				PRODUCT_NAME = "$(TARGET_NAME)";
				SWIFT_EMIT_LOC_STRINGS = YES;
				SWIFT_VERSION = 5.0;
				TARGETED_DEVICE_FAMILY = "1,2";
			};
			name = Debug;
		};
		E2EDD3392B7E3E51007A6C1A /* Release */ = {
			isa = XCBuildConfiguration;
			buildSettings = {
				ASSETCATALOG_COMPILER_APPICON_NAME = AppIcon;
				ASSETCATALOG_COMPILER_GLOBAL_ACCENT_COLOR_NAME = AccentColor;
				CODE_SIGN_STYLE = Automatic;
				CURRENT_PROJECT_VERSION = 1;
				DEVELOPMENT_TEAM = 6P4M8YQN8F;
				GENERATE_INFOPLIST_FILE = YES;
				INFOPLIST_FILE = MovieExplorer/Info.plist;
				INFOPLIST_KEY_UIApplicationSupportsIndirectInputEvents = YES;
				INFOPLIST_KEY_UILaunchStoryboardName = LaunchScreen;
				INFOPLIST_KEY_UIMainStoryboardFile = Main;
				INFOPLIST_KEY_UISupportedInterfaceOrientations_iPad = "UIInterfaceOrientationPortrait UIInterfaceOrientationPortraitUpsideDown UIInterfaceOrientationLandscapeLeft UIInterfaceOrientationLandscapeRight";
				INFOPLIST_KEY_UISupportedInterfaceOrientations_iPhone = "UIInterfaceOrientationPortrait UIInterfaceOrientationLandscapeLeft UIInterfaceOrientationLandscapeRight";
				LD_RUNPATH_SEARCH_PATHS = (
					"$(inherited)",
					"@executable_path/Frameworks",
				);
				MARKETING_VERSION = 1.0;
				PRODUCT_BUNDLE_IDENTIFIER = iOSDevteam.MovieExplorer;
				PRODUCT_NAME = "$(TARGET_NAME)";
				SWIFT_EMIT_LOC_STRINGS = YES;
				SWIFT_VERSION = 5.0;
				TARGETED_DEVICE_FAMILY = "1,2";
			};
			name = Release;
		};
/* End XCBuildConfiguration section */

/* Begin XCConfigurationList section */
		E2EDD31E2B7E3E4F007A6C1A /* Build configuration list for PBXProject "MovieExplorer" */ = {
			isa = XCConfigurationList;
			buildConfigurations = (
				E2EDD3352B7E3E51007A6C1A /* Debug */,
				E2EDD3362B7E3E51007A6C1A /* Release */,
			);
			defaultConfigurationIsVisible = 0;
			defaultConfigurationName = Release;
		};
		E2EDD3372B7E3E51007A6C1A /* Build configuration list for PBXNativeTarget "MovieExplorer" */ = {
			isa = XCConfigurationList;
			buildConfigurations = (
				E2EDD3382B7E3E51007A6C1A /* Debug */,
				E2EDD3392B7E3E51007A6C1A /* Release */,
			);
			defaultConfigurationIsVisible = 0;
			defaultConfigurationName = Release;
		};
/* End XCConfigurationList section */
	};
	rootObject = E2EDD31B2B7E3E4F007A6C1A /* Project object */;
}
